github.com/ZainalAbiddin/moduleProject v1.0.0 h1:19NeOOBIJ7+Gc3Goy0iEsEccr/VYFV8y5ZDhA4SL0mw=
github.com/ZainalAbiddin/moduleProject v1.0.0/go.mod h1:Xx+OtET8VJ9D1mA7zGYDv4ItYxmyy72viFXkdZgX2w4=
github.com/ZainalAbiddin/moduleProject v1.0.4 h1:W/EH0hzb1Ct/IyOlPUzmvgWPubwa+HCD4Jj3feNgvYs=
github.com/ZainalAbiddin/moduleProject v1.0.4/go.mod h1:Xx+OtET8VJ9D1mA7zGYDv4ItYxmyy72viFXkdZgX2w4=
